
Microsoft Visual Studio Solution File, Format Version 12.00
# Visual Studio Version 17
VisualStudioVersion = 17.10.35027.167
MinimumVisualStudioVersion = 10.0.40219.1
Project("{FAE04EC0-301F-11D3-BF4B-00C04F79EFBC}") = "NeighberHood", "NeighberHood\NeighberHood.csproj", "{673771C6-81CB-451B-B710-0F016CC24981}"
EndProject
Global
	GlobalSection(SolutionConfigurationPlatforms) = preSolution
		Debug|Any CPU = Debug|Any CPU
		Release|Any CPU = Release|Any CPU
	EndGlobalSection
	GlobalSection(ProjectConfigurationPlatforms) = postSolution
		{673771C6-81CB-451B-B710-0F016CC24981}.Debug|Any CPU.ActiveCfg = Debug|Any CPU
		{673771C6-81CB-451B-B710-0F016CC24981}.Debug|Any CPU.Build.0 = Debug|Any CPU
		{673771C6-81CB-451B-B710-0F016CC24981}.Release|Any CPU.ActiveCfg = Release|Any CPU
		{673771C6-81CB-451B-B710-0F016CC24981}.Release|Any CPU.Build.0 = Release|Any CPU
	EndGlobalSection
	GlobalSection(SolutionProperties) = preSolution
		HideSolutionNode = FALSE
	EndGlobalSection
	GlobalSection(ExtensibilityGlobals) = postSolution
		SolutionGuid = {3CF948B0-5EF0-40D5-B72A-3C019862890C}
	EndGlobalSection
EndGlobal
